
Microsoft Visual Studio Solution File, Format Version 12.00
# Visual Studio 14
VisualStudioVersion = 14.0.24720.0
MinimumVisualStudioVersion = 10.0.40219.1
Project("{FAE04EC0-301F-11D3-BF4B-00C04F79EFBC}") = "BlackICE2", "BlackICE2\BlackICE2.csproj", "{B72DD037-BF0B-4386-ACAF-0855B8B645A6}"
EndProject
Project("{FAE04EC0-301F-11D3-BF4B-00C04F79EFBC}") = "BlackICE2UnitTests", "BlackICE2UnitTests\BlackICE2UnitTests.csproj", "{8434C240-8C00-4C72-B0DF-F36B1A82465A}"
EndProject
Project("{2150E333-8FDC-42A3-9474-1A3956D46DE8}") = "Solution Items", "Solution Items", "{70A1152A-FF0E-416A-99DC-557ADAB49ACA}"
	ProjectSection(SolutionItems) = preProject
		crack_w51_icon.ico = crack_w51_icon.ico
		sample.asm = sample.asm
	EndProjectSection
EndProject
Global
	GlobalSection(SolutionConfigurationPlatforms) = preSolution
		Debug|Any CPU = Debug|Any CPU
		Release|Any CPU = Release|Any CPU
	EndGlobalSection
	GlobalSection(ProjectConfigurationPlatforms) = postSolution
		{B72DD037-BF0B-4386-ACAF-0855B8B645A6}.Debug|Any CPU.ActiveCfg = Debug|Any CPU
		{B72DD037-BF0B-4386-ACAF-0855B8B645A6}.Debug|Any CPU.Build.0 = Debug|Any CPU
		{B72DD037-BF0B-4386-ACAF-0855B8B645A6}.Release|Any CPU.ActiveCfg = Release|Any CPU
		{B72DD037-BF0B-4386-ACAF-0855B8B645A6}.Release|Any CPU.Build.0 = Release|Any CPU
		{8434C240-8C00-4C72-B0DF-F36B1A82465A}.Debug|Any CPU.ActiveCfg = Debug|Any CPU
		{8434C240-8C00-4C72-B0DF-F36B1A82465A}.Debug|Any CPU.Build.0 = Debug|Any CPU
		{8434C240-8C00-4C72-B0DF-F36B1A82465A}.Release|Any CPU.ActiveCfg = Release|Any CPU
		{8434C240-8C00-4C72-B0DF-F36B1A82465A}.Release|Any CPU.Build.0 = Release|Any CPU
	EndGlobalSection
	GlobalSection(SolutionProperties) = preSolution
		HideSolutionNode = FALSE
	EndGlobalSection
EndGlobal
